github.com/RyuaNerin/elliptic2 v1.0.0/go.mod h1:wWB8fWrJI/6EPJkyV/r1Rj0hxUgrusmqSj8JN6yNf/A=
github.com/RyuaNerin/go-krypto v1.2.4 h1:mXuNdK6M317aPV0llW6Xpjbo4moOlPF7Yxz4tb4b4Go=
github.com/RyuaNerin/go-krypto v1.2.4/go.mod h1:QqCYkoutU3yInyD9INt2PGolVRsc3W4oraQadVGXJ/8=
golang.org/x/crypto v0.24.0 h1:mnl8DM0o513X8fdIkmyFE/5hTYxbwYOjDS/+rK6qpRI=
golang.org/x/crypto v0.24.0/go.mod h1:Z1PMYSOR5nyMcyAVAIQSKCDwalqy85Aqn1x3Ws4L5DM=
golang.org/x/sys v0.1.0/go.mod h1:oPkhp1MJrh7nUepCBck5+mAzfO9JrbApNNgaTdGDITg=
